
Microsoft Visual Studio Solution File, Format Version 12.00
# Visual Studio 15
VisualStudioVersion = 15.0.28307.1022
MinimumVisualStudioVersion = 10.0.40219.1
Project("{FAE04EC0-301F-11D3-BF4B-00C04F79EFBC}") = "demo1", "demo1.csproj", "{90FD28DC-5C30-4A14-AE79-00968C1A57D7}"
EndProject
Global
	GlobalSection(SolutionConfigurationPlatforms) = preSolution
		Debug|Any CPU = Debug|Any CPU
		Release|Any CPU = Release|Any CPU
	EndGlobalSection
	GlobalSection(ProjectConfigurationPlatforms) = postSolution
		{90FD28DC-5C30-4A14-AE79-00968C1A57D7}.Debug|Any CPU.ActiveCfg = Debug|Any CPU
		{90FD28DC-5C30-4A14-AE79-00968C1A57D7}.Debug|Any CPU.Build.0 = Debug|Any CPU
		{90FD28DC-5C30-4A14-AE79-00968C1A57D7}.Release|Any CPU.ActiveCfg = Release|Any CPU
		{90FD28DC-5C30-4A14-AE79-00968C1A57D7}.Release|Any CPU.Build.0 = Release|Any CPU
	EndGlobalSection
	GlobalSection(SolutionProperties) = preSolution
		HideSolutionNode = FALSE
	EndGlobalSection
	GlobalSection(ExtensibilityGlobals) = postSolution
		SolutionGuid = {E211CD57-E266-4993-9EFC-7CB176954980}
	EndGlobalSection
EndGlobal
